
Microsoft Visual Studio Solution File, Format Version 12.00
# Visual Studio Version 16
VisualStudioVersion = 16.0.30413.136
MinimumVisualStudioVersion = 10.0.40219.1
Project("{2150E333-8FDC-42A3-9474-1A3956D46DE8}") = "src", "src", "{D6120D1C-4943-43CE-A719-73E95616D5CC}"
EndProject
Project("{2150E333-8FDC-42A3-9474-1A3956D46DE8}") = "Building Blocks", "Building Blocks", "{0F965A57-5344-4FB9-8FFB-CE3BB65501DA}"
EndProject
Project("{2150E333-8FDC-42A3-9474-1A3956D46DE8}") = "Services", "Services", "{1C9511BE-99BC-4C79-988C-6C4336617D31}"
EndProject
Project("{2150E333-8FDC-42A3-9474-1A3956D46DE8}") = "Web", "Web", "{719652C8-F20B-461E-91C2-A06279AA60B9}"
EndProject
Project("{2150E333-8FDC-42A3-9474-1A3956D46DE8}") = "Identidade", "Identidade", "{6766DF6F-0D16-45BD-9520-7829D4C74EC3}"
EndProject
Project("{FAE04EC0-301F-11D3-BF4B-00C04F79EFBC}") = "NSE.Identidade.API", "src\Services\NSE.Identidade.API\NSE.Identidade.API.csproj", "{6A967D64-C401-464C-B081-ADF4340AD153}"
EndProject
Project("{2150E333-8FDC-42A3-9474-1A3956D46DE8}") = "MVC", "MVC", "{6D4D6FF8-E194-4AAF-ACD4-B0130B449898}"
EndProject
Project("{FAE04EC0-301F-11D3-BF4B-00C04F79EFBC}") = "NSE.WebApp.MVC", "src\Web\NSE.WebApp.MVC\NSE.WebApp.MVC.csproj", "{EAF8533C-32E1-48EE-8A32-19B460ED07CB}"
EndProject
Project("{2150E333-8FDC-42A3-9474-1A3956D46DE8}") = "Core", "Core", "{F8C79799-662D-4706-9285-51710767DD0C}"
EndProject
Project("{FAE04EC0-301F-11D3-BF4B-00C04F79EFBC}") = "NSE.Core", "src\Building Blocks\NSE.Core\NSE.Core.csproj", "{1E52941E-3405-4D38-80CE-FEF3C447F0DE}"
EndProject
Project("{2150E333-8FDC-42A3-9474-1A3956D46DE8}") = "Carrinho", "Carrinho", "{C4F80677-4EC3-4DC5-893E-F39472D9866F}"
EndProject
Project("{FAE04EC0-301F-11D3-BF4B-00C04F79EFBC}") = "NSE.Carrinho.API", "src\Services\NSE.Carrinho.API\NSE.Carrinho.API.csproj", "{546CE4DE-B4D0-4159-8542-4C58F86E4739}"
EndProject
Project("{2150E333-8FDC-42A3-9474-1A3956D46DE8}") = "Catalogo", "Catalogo", "{A851181F-0072-4F0C-ABA1-A9ADC7BF19AE}"
EndProject
Project("{FAE04EC0-301F-11D3-BF4B-00C04F79EFBC}") = "NSE.Catalogo.API", "src\Services\NSE.Catalogo.API\NSE.Catalogo.API.csproj", "{AC6D0328-91C6-44D5-8B52-B6EF0DE19C58}"
EndProject
Project("{2150E333-8FDC-42A3-9474-1A3956D46DE8}") = "Cliente", "Cliente", "{77B5EFE0-5223-4BF3-948C-77EC58043766}"
EndProject
Project("{FAE04EC0-301F-11D3-BF4B-00C04F79EFBC}") = "NSE.Cliente.API", "src\Services\NSE.Cliente.API\NSE.Cliente.API.csproj", "{199179B3-8814-4892-9A95-E7D0E4129BE4}"
EndProject
Project("{2150E333-8FDC-42A3-9474-1A3956D46DE8}") = "Pagamento", "Pagamento", "{D8ED9AB1-C754-4D46-929F-E7E656F49688}"
EndProject
Project("{FAE04EC0-301F-11D3-BF4B-00C04F79EFBC}") = "NSE.Pagamento.API", "src\Services\NSE.Pagamento.API\NSE.Pagamento.API.csproj", "{503450CE-9C74-4CB8-B7B4-8A4F100B3F61}"
EndProject
Project("{2150E333-8FDC-42A3-9474-1A3956D46DE8}") = "Pedido", "Pedido", "{0985F6D4-488A-43AD-A26E-74124FA75F88}"
EndProject
Project("{FAE04EC0-301F-11D3-BF4B-00C04F79EFBC}") = "NSE.Pedido.API", "src\Services\NSE.Pedido.API\NSE.Pedido.API.csproj", "{86CF74A0-6E1D-4A77-85A1-014313F0E792}"
EndProject
Global
	GlobalSection(SolutionConfigurationPlatforms) = preSolution
		Debug|Any CPU = Debug|Any CPU
		Release|Any CPU = Release|Any CPU
	EndGlobalSection
	GlobalSection(ProjectConfigurationPlatforms) = postSolution
		{6A967D64-C401-464C-B081-ADF4340AD153}.Debug|Any CPU.ActiveCfg = Debug|Any CPU
		{6A967D64-C401-464C-B081-ADF4340AD153}.Debug|Any CPU.Build.0 = Debug|Any CPU
		{6A967D64-C401-464C-B081-ADF4340AD153}.Release|Any CPU.ActiveCfg = Release|Any CPU
		{6A967D64-C401-464C-B081-ADF4340AD153}.Release|Any CPU.Build.0 = Release|Any CPU
		{EAF8533C-32E1-48EE-8A32-19B460ED07CB}.Debug|Any CPU.ActiveCfg = Debug|Any CPU
		{EAF8533C-32E1-48EE-8A32-19B460ED07CB}.Debug|Any CPU.Build.0 = Debug|Any CPU
		{EAF8533C-32E1-48EE-8A32-19B460ED07CB}.Release|Any CPU.ActiveCfg = Release|Any CPU
		{EAF8533C-32E1-48EE-8A32-19B460ED07CB}.Release|Any CPU.Build.0 = Release|Any CPU
		{1E52941E-3405-4D38-80CE-FEF3C447F0DE}.Debug|Any CPU.ActiveCfg = Debug|Any CPU
		{1E52941E-3405-4D38-80CE-FEF3C447F0DE}.Debug|Any CPU.Build.0 = Debug|Any CPU
		{1E52941E-3405-4D38-80CE-FEF3C447F0DE}.Release|Any CPU.ActiveCfg = Release|Any CPU
		{1E52941E-3405-4D38-80CE-FEF3C447F0DE}.Release|Any CPU.Build.0 = Release|Any CPU
		{546CE4DE-B4D0-4159-8542-4C58F86E4739}.Debug|Any CPU.ActiveCfg = Debug|Any CPU
		{546CE4DE-B4D0-4159-8542-4C58F86E4739}.Debug|Any CPU.Build.0 = Debug|Any CPU
		{546CE4DE-B4D0-4159-8542-4C58F86E4739}.Release|Any CPU.ActiveCfg = Release|Any CPU
		{546CE4DE-B4D0-4159-8542-4C58F86E4739}.Release|Any CPU.Build.0 = Release|Any CPU
		{AC6D0328-91C6-44D5-8B52-B6EF0DE19C58}.Debug|Any CPU.ActiveCfg = Debug|Any CPU
		{AC6D0328-91C6-44D5-8B52-B6EF0DE19C58}.Debug|Any CPU.Build.0 = Debug|Any CPU
		{AC6D0328-91C6-44D5-8B52-B6EF0DE19C58}.Release|Any CPU.ActiveCfg = Release|Any CPU
		{AC6D0328-91C6-44D5-8B52-B6EF0DE19C58}.Release|Any CPU.Build.0 = Release|Any CPU
		{199179B3-8814-4892-9A95-E7D0E4129BE4}.Debug|Any CPU.ActiveCfg = Debug|Any CPU
		{199179B3-8814-4892-9A95-E7D0E4129BE4}.Debug|Any CPU.Build.0 = Debug|Any CPU
		{199179B3-8814-4892-9A95-E7D0E4129BE4}.Release|Any CPU.ActiveCfg = Release|Any CPU
		{199179B3-8814-4892-9A95-E7D0E4129BE4}.Release|Any CPU.Build.0 = Release|Any CPU
		{503450CE-9C74-4CB8-B7B4-8A4F100B3F61}.Debug|Any CPU.ActiveCfg = Debug|Any CPU
		{503450CE-9C74-4CB8-B7B4-8A4F100B3F61}.Debug|Any CPU.Build.0 = Debug|Any CPU
		{503450CE-9C74-4CB8-B7B4-8A4F100B3F61}.Release|Any CPU.ActiveCfg = Release|Any CPU
		{503450CE-9C74-4CB8-B7B4-8A4F100B3F61}.Release|Any CPU.Build.0 = Release|Any CPU
		{86CF74A0-6E1D-4A77-85A1-014313F0E792}.Debug|Any CPU.ActiveCfg = Debug|Any CPU
		{86CF74A0-6E1D-4A77-85A1-014313F0E792}.Debug|Any CPU.Build.0 = Debug|Any CPU
		{86CF74A0-6E1D-4A77-85A1-014313F0E792}.Release|Any CPU.ActiveCfg = Release|Any CPU
		{86CF74A0-6E1D-4A77-85A1-014313F0E792}.Release|Any CPU.Build.0 = Release|Any CPU
	EndGlobalSection
	GlobalSection(SolutionProperties) = preSolution
		HideSolutionNode = FALSE
	EndGlobalSection
	GlobalSection(NestedProjects) = preSolution
		{0F965A57-5344-4FB9-8FFB-CE3BB65501DA} = {D6120D1C-4943-43CE-A719-73E95616D5CC}
		{1C9511BE-99BC-4C79-988C-6C4336617D31} = {D6120D1C-4943-43CE-A719-73E95616D5CC}
		{719652C8-F20B-461E-91C2-A06279AA60B9} = {D6120D1C-4943-43CE-A719-73E95616D5CC}
		{6766DF6F-0D16-45BD-9520-7829D4C74EC3} = {1C9511BE-99BC-4C79-988C-6C4336617D31}
		{6A967D64-C401-464C-B081-ADF4340AD153} = {6766DF6F-0D16-45BD-9520-7829D4C74EC3}
		{6D4D6FF8-E194-4AAF-ACD4-B0130B449898} = {719652C8-F20B-461E-91C2-A06279AA60B9}
		{EAF8533C-32E1-48EE-8A32-19B460ED07CB} = {6D4D6FF8-E194-4AAF-ACD4-B0130B449898}
		{F8C79799-662D-4706-9285-51710767DD0C} = {0F965A57-5344-4FB9-8FFB-CE3BB65501DA}
		{1E52941E-3405-4D38-80CE-FEF3C447F0DE} = {F8C79799-662D-4706-9285-51710767DD0C}
		{C4F80677-4EC3-4DC5-893E-F39472D9866F} = {1C9511BE-99BC-4C79-988C-6C4336617D31}
		{546CE4DE-B4D0-4159-8542-4C58F86E4739} = {C4F80677-4EC3-4DC5-893E-F39472D9866F}
		{A851181F-0072-4F0C-ABA1-A9ADC7BF19AE} = {1C9511BE-99BC-4C79-988C-6C4336617D31}
		{AC6D0328-91C6-44D5-8B52-B6EF0DE19C58} = {A851181F-0072-4F0C-ABA1-A9ADC7BF19AE}
		{77B5EFE0-5223-4BF3-948C-77EC58043766} = {1C9511BE-99BC-4C79-988C-6C4336617D31}
		{199179B3-8814-4892-9A95-E7D0E4129BE4} = {77B5EFE0-5223-4BF3-948C-77EC58043766}
		{D8ED9AB1-C754-4D46-929F-E7E656F49688} = {1C9511BE-99BC-4C79-988C-6C4336617D31}
		{503450CE-9C74-4CB8-B7B4-8A4F100B3F61} = {D8ED9AB1-C754-4D46-929F-E7E656F49688}
		{0985F6D4-488A-43AD-A26E-74124FA75F88} = {1C9511BE-99BC-4C79-988C-6C4336617D31}
		{86CF74A0-6E1D-4A77-85A1-014313F0E792} = {0985F6D4-488A-43AD-A26E-74124FA75F88}
	EndGlobalSection
	GlobalSection(ExtensibilityGlobals) = postSolution
		SolutionGuid = {A9648F3C-51F2-4924-901D-A6886B615794}
	EndGlobalSection
EndGlobal
